{
  "name": "CollisionDetection",
  "lockfileVersion": 3,
  "requires": true,
  "packages": {
    "": {
      "dependencies": {
        "gsap": "^3.12.5",
        "jquery": "^3.7.1",
        "normalize-css": "^2.3.1"
      }
    },
    "node_modules/gsap": {
      "version": "3.12.5",
      "resolved": "https://registry.npmjs.org/gsap/-/gsap-3.12.5.tgz",
      "integrity": "sha512-srBfnk4n+Oe/ZnMIOXt3gT605BX9x5+rh/prT2F1SsNJsU1XuMiP0E2aptW481OnonOGACZWBqseH5Z7csHxhQ=="
    },
    "node_modules/insert-css": {
      "version": "0.0.0",
      "resolved": "https://registry.npmjs.org/insert-css/-/insert-css-0.0.0.tgz",
      "integrity": "sha512-PwixL1rVtKkM1gz43tEHwZ2sUOYmWB5zk/9YiEmOxERqjfIkkMY4jwrl3v3e9NLzblEdkBuMLiTLm/0sHMx4qA=="
    },
    "node_modules/jquery": {
      "version": "3.7.1",
      "resolved": "https://registry.npmjs.org/jquery/-/jquery-3.7.1.tgz",
      "integrity": "sha512-m4avr8yL8kmFN8psrbFFFmB/If14iN5o9nw/NgnnM+kybDJpRsAynV2BsfpTYrTRysYUdADVD7CkUUizgkpLfg=="
    },
    "node_modules/normalize-css": {
      "version": "2.3.1",
      "resolved": "https://registry.npmjs.org/normalize-css/-/normalize-css-2.3.1.tgz",
      "integrity": "sha512-70Lnkke3P+8ehu56S0M0yoUTgTve/rCrEncjdgPmKER/TLZMRa30rFLW7Yv3iGZldmGV4bGevGW47VOfZJbGyw==",
      "deprecated": "see npm.im/normalize.css instead",
      "dependencies": {
        "insert-css": "0.0.0"
      }
    }
  }
}
